
Microsoft Visual Studio Solution File, Format Version 12.00
Project("{2150E333-8FDC-42A3-9474-1A3956D46DE8}") = "src", "src", "{827E0CD3-B72D-47B6-A68D-7590B98EB39B}"
EndProject
Project("{FAE04EC0-301F-11D3-BF4B-00C04F79EFBC}") = "ClipEdit.Domain", "src\ClipEdit.Domain\ClipEdit.Domain.csproj", "{FA9C00CB-243F-4947-BC3F-627921EF5A67}"
EndProject
Project("{FAE04EC0-301F-11D3-BF4B-00C04F79EFBC}") = "ClipEdit.Application", "src\ClipEdit.Application\ClipEdit.Application.csproj", "{C710EAC1-539E-40E1-843B-9255E62A6E03}"
EndProject
Project("{FAE04EC0-301F-11D3-BF4B-00C04F79EFBC}") = "ClipEdit.Media.Abstractions", "src\ClipEdit.Media.Abstractions\ClipEdit.Media.Abstractions.csproj", "{73427F68-D9AD-40AF-B0E3-C63C689C08ED}"
EndProject
Project("{FAE04EC0-301F-11D3-BF4B-00C04F79EFBC}") = "ClipEdit.App", "src\ClipEdit.App\ClipEdit.App.csproj", "{49E3786C-5F17-405D-A898-98253C29BDAE}"
EndProject
Project("{2150E333-8FDC-42A3-9474-1A3956D46DE8}") = "tests", "tests", "{0AB3BF05-4346-4AA6-1389-037BE0695223}"
EndProject
Project("{FAE04EC0-301F-11D3-BF4B-00C04F79EFBC}") = "ClipEdit.Domain.Tests", "tests\ClipEdit.Domain.Tests\ClipEdit.Domain.Tests.csproj", "{D42C0DAE-4C7D-4B13-A524-B22DB19CF267}"
EndProject
Project("{FAE04EC0-301F-11D3-BF4B-00C04F79EFBC}") = "ClipEdit.Media.FFmpeg", "src\ClipEdit.Media.FFmpeg\ClipEdit.Media.FFmpeg.csproj", "{75DD1573-FC14-477D-9A7D-C6EE38C2E3B1}"
EndProject
Project("{FAE04EC0-301F-11D3-BF4B-00C04F79EFBC}") = "ClipEdit.Media.FFmpeg.Tests", "tests\ClipEdit.Media.FFmpeg.Tests\ClipEdit.Media.FFmpeg.Tests.csproj", "{51D7B40B-4D20-4F80-9561-9EA5F6D6D770}"
EndProject
Project("{FAE04EC0-301F-11D3-BF4B-00C04F79EFBC}") = "ClipEdit.Application.Tests", "tests\ClipEdit.Application.Tests\ClipEdit.Application.Tests.csproj", "{16B88180-C080-492D-B158-9AE7037EE316}"
EndProject
Project("{FAE04EC0-301F-11D3-BF4B-00C04F79EFBC}") = "ClipEdit.App.Tests", "tests\ClipEdit.App.Tests\ClipEdit.App.Tests.csproj", "{1F99A46D-B638-4C24-98D9-6DB27E437DA9}"
EndProject
Global
	GlobalSection(SolutionConfigurationPlatforms) = preSolution
		Debug|Any CPU = Debug|Any CPU
		Debug|x64 = Debug|x64
		Debug|x86 = Debug|x86
		Release|Any CPU = Release|Any CPU
		Release|x64 = Release|x64
		Release|x86 = Release|x86
	EndGlobalSection
	GlobalSection(ProjectConfigurationPlatforms) = postSolution
		{FA9C00CB-243F-4947-BC3F-627921EF5A67}.Debug|Any CPU.ActiveCfg = Debug|Any CPU
		{FA9C00CB-243F-4947-BC3F-627921EF5A67}.Debug|Any CPU.Build.0 = Debug|Any CPU
		{FA9C00CB-243F-4947-BC3F-627921EF5A67}.Debug|x64.ActiveCfg = Debug|Any CPU
		{FA9C00CB-243F-4947-BC3F-627921EF5A67}.Debug|x64.Build.0 = Debug|Any CPU
		{FA9C00CB-243F-4947-BC3F-627921EF5A67}.Debug|x86.ActiveCfg = Debug|Any CPU
		{FA9C00CB-243F-4947-BC3F-627921EF5A67}.Debug|x86.Build.0 = Debug|Any CPU
		{FA9C00CB-243F-4947-BC3F-627921EF5A67}.Release|Any CPU.ActiveCfg = Release|Any CPU
		{FA9C00CB-243F-4947-BC3F-627921EF5A67}.Release|Any CPU.Build.0 = Release|Any CPU
		{FA9C00CB-243F-4947-BC3F-627921EF5A67}.Release|x64.ActiveCfg = Release|Any CPU
		{FA9C00CB-243F-4947-BC3F-627921EF5A67}.Release|x64.Build.0 = Release|Any CPU
		{FA9C00CB-243F-4947-BC3F-627921EF5A67}.Release|x86.ActiveCfg = Release|Any CPU
		{FA9C00CB-243F-4947-BC3F-627921EF5A67}.Release|x86.Build.0 = Release|Any CPU
		{C710EAC1-539E-40E1-843B-9255E62A6E03}.Debug|Any CPU.ActiveCfg = Debug|Any CPU
		{C710EAC1-539E-40E1-843B-9255E62A6E03}.Debug|Any CPU.Build.0 = Debug|Any CPU
		{C710EAC1-539E-40E1-843B-9255E62A6E03}.Debug|x64.ActiveCfg = Debug|Any CPU
		{C710EAC1-539E-40E1-843B-9255E62A6E03}.Debug|x64.Build.0 = Debug|Any CPU
		{C710EAC1-539E-40E1-843B-9255E62A6E03}.Debug|x86.ActiveCfg = Debug|Any CPU
		{C710EAC1-539E-40E1-843B-9255E62A6E03}.Debug|x86.Build.0 = Debug|Any CPU
		{C710EAC1-539E-40E1-843B-9255E62A6E03}.Release|Any CPU.ActiveCfg = Release|Any CPU
		{C710EAC1-539E-40E1-843B-9255E62A6E03}.Release|Any CPU.Build.0 = Release|Any CPU
		{C710EAC1-539E-40E1-843B-9255E62A6E03}.Release|x64.ActiveCfg = Release|Any CPU
		{C710EAC1-539E-40E1-843B-9255E62A6E03}.Release|x64.Build.0 = Release|Any CPU
		{C710EAC1-539E-40E1-843B-9255E62A6E03}.Release|x86.ActiveCfg = Release|Any CPU
		{C710EAC1-539E-40E1-843B-9255E62A6E03}.Release|x86.Build.0 = Release|Any CPU
		{73427F68-D9AD-40AF-B0E3-C63C689C08ED}.Debug|Any CPU.ActiveCfg = Debug|Any CPU
		{73427F68-D9AD-40AF-B0E3-C63C689C08ED}.Debug|Any CPU.Build.0 = Debug|Any CPU
		{73427F68-D9AD-40AF-B0E3-C63C689C08ED}.Debug|x64.ActiveCfg = Debug|Any CPU
		{73427F68-D9AD-40AF-B0E3-C63C689C08ED}.Debug|x64.Build.0 = Debug|Any CPU
		{73427F68-D9AD-40AF-B0E3-C63C689C08ED}.Debug|x86.ActiveCfg = Debug|Any CPU
		{73427F68-D9AD-40AF-B0E3-C63C689C08ED}.Debug|x86.Build.0 = Debug|Any CPU
		{73427F68-D9AD-40AF-B0E3-C63C689C08ED}.Release|Any CPU.ActiveCfg = Release|Any CPU
		{73427F68-D9AD-40AF-B0E3-C63C689C08ED}.Release|Any CPU.Build.0 = Release|Any CPU
		{73427F68-D9AD-40AF-B0E3-C63C689C08ED}.Release|x64.ActiveCfg = Release|Any CPU
		{73427F68-D9AD-40AF-B0E3-C63C689C08ED}.Release|x64.Build.0 = Release|Any CPU
		{73427F68-D9AD-40AF-B0E3-C63C689C08ED}.Release|x86.ActiveCfg = Release|Any CPU
		{73427F68-D9AD-40AF-B0E3-C63C689C08ED}.Release|x86.Build.0 = Release|Any CPU
		{49E3786C-5F17-405D-A898-98253C29BDAE}.Debug|Any CPU.ActiveCfg = Debug|Any CPU
		{49E3786C-5F17-405D-A898-98253C29BDAE}.Debug|Any CPU.Build.0 = Debug|Any CPU
		{49E3786C-5F17-405D-A898-98253C29BDAE}.Debug|x64.ActiveCfg = Debug|Any CPU
		{49E3786C-5F17-405D-A898-98253C29BDAE}.Debug|x64.Build.0 = Debug|Any CPU
		{49E3786C-5F17-405D-A898-98253C29BDAE}.Debug|x86.ActiveCfg = Debug|Any CPU
		{49E3786C-5F17-405D-A898-98253C29BDAE}.Debug|x86.Build.0 = Debug|Any CPU
		{49E3786C-5F17-405D-A898-98253C29BDAE}.Release|Any CPU.ActiveCfg = Release|Any CPU
		{49E3786C-5F17-405D-A898-98253C29BDAE}.Release|Any CPU.Build.0 = Release|Any CPU
		{49E3786C-5F17-405D-A898-98253C29BDAE}.Release|x64.ActiveCfg = Release|Any CPU
		{49E3786C-5F17-405D-A898-98253C29BDAE}.Release|x64.Build.0 = Release|Any CPU
		{49E3786C-5F17-405D-A898-98253C29BDAE}.Release|x86.ActiveCfg = Release|Any CPU
		{49E3786C-5F17-405D-A898-98253C29BDAE}.Release|x86.Build.0 = Release|Any CPU
		{D42C0DAE-4C7D-4B13-A524-B22DB19CF267}.Debug|Any CPU.ActiveCfg = Debug|Any CPU
		{D42C0DAE-4C7D-4B13-A524-B22DB19CF267}.Debug|Any CPU.Build.0 = Debug|Any CPU
		{D42C0DAE-4C7D-4B13-A524-B22DB19CF267}.Debug|x64.ActiveCfg = Debug|Any CPU
		{D42C0DAE-4C7D-4B13-A524-B22DB19CF267}.Debug|x64.Build.0 = Debug|Any CPU
		{D42C0DAE-4C7D-4B13-A524-B22DB19CF267}.Debug|x86.ActiveCfg = Debug|Any CPU
		{D42C0DAE-4C7D-4B13-A524-B22DB19CF267}.Debug|x86.Build.0 = Debug|Any CPU
		{D42C0DAE-4C7D-4B13-A524-B22DB19CF267}.Release|Any CPU.ActiveCfg = Release|Any CPU
		{D42C0DAE-4C7D-4B13-A524-B22DB19CF267}.Release|Any CPU.Build.0 = Release|Any CPU
		{D42C0DAE-4C7D-4B13-A524-B22DB19CF267}.Release|x64.ActiveCfg = Release|Any CPU
		{D42C0DAE-4C7D-4B13-A524-B22DB19CF267}.Release|x64.Build.0 = Release|Any CPU
		{D42C0DAE-4C7D-4B13-A524-B22DB19CF267}.Release|x86.ActiveCfg = Release|Any CPU
		{D42C0DAE-4C7D-4B13-A524-B22DB19CF267}.Release|x86.Build.0 = Release|Any CPU
		{75DD1573-FC14-477D-9A7D-C6EE38C2E3B1}.Debug|Any CPU.ActiveCfg = Debug|Any CPU
		{75DD1573-FC14-477D-9A7D-C6EE38C2E3B1}.Debug|Any CPU.Build.0 = Debug|Any CPU
		{75DD1573-FC14-477D-9A7D-C6EE38C2E3B1}.Debug|x64.ActiveCfg = Debug|Any CPU
		{75DD1573-FC14-477D-9A7D-C6EE38C2E3B1}.Debug|x64.Build.0 = Debug|Any CPU
		{75DD1573-FC14-477D-9A7D-C6EE38C2E3B1}.Debug|x86.ActiveCfg = Debug|Any CPU
		{75DD1573-FC14-477D-9A7D-C6EE38C2E3B1}.Debug|x86.Build.0 = Debug|Any CPU
		{75DD1573-FC14-477D-9A7D-C6EE38C2E3B1}.Release|Any CPU.ActiveCfg = Release|Any CPU
		{75DD1573-FC14-477D-9A7D-C6EE38C2E3B1}.Release|Any CPU.Build.0 = Release|Any CPU
		{75DD1573-FC14-477D-9A7D-C6EE38C2E3B1}.Release|x64.ActiveCfg = Release|Any CPU
		{75DD1573-FC14-477D-9A7D-C6EE38C2E3B1}.Release|x64.Build.0 = Release|Any CPU
		{75DD1573-FC14-477D-9A7D-C6EE38C2E3B1}.Release|x86.ActiveCfg = Release|Any CPU
		{75DD1573-FC14-477D-9A7D-C6EE38C2E3B1}.Release|x86.Build.0 = Release|Any CPU
		{51D7B40B-4D20-4F80-9561-9EA5F6D6D770}.Debug|Any CPU.ActiveCfg = Debug|Any CPU
		{51D7B40B-4D20-4F80-9561-9EA5F6D6D770}.Debug|Any CPU.Build.0 = Debug|Any CPU
		{51D7B40B-4D20-4F80-9561-9EA5F6D6D770}.Debug|x64.ActiveCfg = Debug|Any CPU
		{51D7B40B-4D20-4F80-9561-9EA5F6D6D770}.Debug|x64.Build.0 = Debug|Any CPU
		{51D7B40B-4D20-4F80-9561-9EA5F6D6D770}.Debug|x86.ActiveCfg = Debug|Any CPU
		{51D7B40B-4D20-4F80-9561-9EA5F6D6D770}.Debug|x86.Build.0 = Debug|Any CPU
		{51D7B40B-4D20-4F80-9561-9EA5F6D6D770}.Release|Any CPU.ActiveCfg = Release|Any CPU
		{51D7B40B-4D20-4F80-9561-9EA5F6D6D770}.Release|Any CPU.Build.0 = Release|Any CPU
		{51D7B40B-4D20-4F80-9561-9EA5F6D6D770}.Release|x64.ActiveCfg = Release|Any CPU
		{51D7B40B-4D20-4F80-9561-9EA5F6D6D770}.Release|x64.Build.0 = Release|Any CPU
		{51D7B40B-4D20-4F80-9561-9EA5F6D6D770}.Release|x86.ActiveCfg = Release|Any CPU
		{51D7B40B-4D20-4F80-9561-9EA5F6D6D770}.Release|x86.Build.0 = Release|Any CPU
		{16B88180-C080-492D-B158-9AE7037EE316}.Debug|Any CPU.ActiveCfg = Debug|Any CPU
		{16B88180-C080-492D-B158-9AE7037EE316}.Debug|Any CPU.Build.0 = Debug|Any CPU
		{16B88180-C080-492D-B158-9AE7037EE316}.Debug|x64.ActiveCfg = Debug|Any CPU
		{16B88180-C080-492D-B158-9AE7037EE316}.Debug|x64.Build.0 = Debug|Any CPU
		{16B88180-C080-492D-B158-9AE7037EE316}.Debug|x86.ActiveCfg = Debug|Any CPU
		{16B88180-C080-492D-B158-9AE7037EE316}.Debug|x86.Build.0 = Debug|Any CPU
		{16B88180-C080-492D-B158-9AE7037EE316}.Release|Any CPU.ActiveCfg = Release|Any CPU
		{16B88180-C080-492D-B158-9AE7037EE316}.Release|Any CPU.Build.0 = Release|Any CPU
		{16B88180-C080-492D-B158-9AE7037EE316}.Release|x64.ActiveCfg = Release|Any CPU
		{16B88180-C080-492D-B158-9AE7037EE316}.Release|x64.Build.0 = Release|Any CPU
		{16B88180-C080-492D-B158-9AE7037EE316}.Release|x86.ActiveCfg = Release|Any CPU
		{16B88180-C080-492D-B158-9AE7037EE316}.Release|x86.Build.0 = Release|Any CPU
		{1F99A46D-B638-4C24-98D9-6DB27E437DA9}.Debug|Any CPU.ActiveCfg = Debug|Any CPU
		{1F99A46D-B638-4C24-98D9-6DB27E437DA9}.Debug|Any CPU.Build.0 = Debug|Any CPU
		{1F99A46D-B638-4C24-98D9-6DB27E437DA9}.Debug|x64.ActiveCfg = Debug|Any CPU
		{1F99A46D-B638-4C24-98D9-6DB27E437DA9}.Debug|x64.Build.0 = Debug|Any CPU
		{1F99A46D-B638-4C24-98D9-6DB27E437DA9}.Debug|x86.ActiveCfg = Debug|Any CPU
		{1F99A46D-B638-4C24-98D9-6DB27E437DA9}.Debug|x86.Build.0 = Debug|Any CPU
		{1F99A46D-B638-4C24-98D9-6DB27E437DA9}.Release|Any CPU.ActiveCfg = Release|Any CPU
		{1F99A46D-B638-4C24-98D9-6DB27E437DA9}.Release|Any CPU.Build.0 = Release|Any CPU
		{1F99A46D-B638-4C24-98D9-6DB27E437DA9}.Release|x64.ActiveCfg = Release|Any CPU
		{1F99A46D-B638-4C24-98D9-6DB27E437DA9}.Release|x64.Build.0 = Release|Any CPU
		{1F99A46D-B638-4C24-98D9-6DB27E437DA9}.Release|x86.ActiveCfg = Release|Any CPU
		{1F99A46D-B638-4C24-98D9-6DB27E437DA9}.Release|x86.Build.0 = Release|Any CPU
	EndGlobalSection
	GlobalSection(SolutionProperties) = preSolution
		HideSolutionNode = FALSE
	EndGlobalSection
	GlobalSection(NestedProjects) = preSolution
		{FA9C00CB-243F-4947-BC3F-627921EF5A67} = {827E0CD3-B72D-47B6-A68D-7590B98EB39B}
		{C710EAC1-539E-40E1-843B-9255E62A6E03} = {827E0CD3-B72D-47B6-A68D-7590B98EB39B}
		{73427F68-D9AD-40AF-B0E3-C63C689C08ED} = {827E0CD3-B72D-47B6-A68D-7590B98EB39B}
		{49E3786C-5F17-405D-A898-98253C29BDAE} = {827E0CD3-B72D-47B6-A68D-7590B98EB39B}
		{D42C0DAE-4C7D-4B13-A524-B22DB19CF267} = {0AB3BF05-4346-4AA6-1389-037BE0695223}
		{75DD1573-FC14-477D-9A7D-C6EE38C2E3B1} = {827E0CD3-B72D-47B6-A68D-7590B98EB39B}
		{51D7B40B-4D20-4F80-9561-9EA5F6D6D770} = {0AB3BF05-4346-4AA6-1389-037BE0695223}
		{16B88180-C080-492D-B158-9AE7037EE316} = {0AB3BF05-4346-4AA6-1389-037BE0695223}
		{1F99A46D-B638-4C24-98D9-6DB27E437DA9} = {0AB3BF05-4346-4AA6-1389-037BE0695223}
	EndGlobalSection
EndGlobal
